{
    "_readme": [
        "This file locks the dependencies of your project to a known state",
        "Read more about it at https://getcomposer.org/doc/01-basic-usage.md#composer-lock-the-lock-file",
        "This file is @generated automatically"
    ],
	"content-hash": "54bbb623391aaf0555427346e66034a7",
    "packages": [
        {
            "name": "dereuromark/media-embed",
            "version": "0.4.4",
            "source": {
                "type": "git",
                "url": "https://github.com/dereuromark/MediaEmbed.git",
                "reference": "aea9d69adf4135a5aa3a7770c54e0f330557f5d7"
            },
            "dist": {
                "type": "zip",
                "url": "https://api.github.com/repos/dereuromark/MediaEmbed/zipball/aea9d69adf4135a5aa3a7770c54e0f330557f5d7",
                "reference": "aea9d69adf4135a5aa3a7770c54e0f330557f5d7",
                "shasum": ""
            },
            "require": {
                "jbroadway/urlify": "^1.0.0",
                "php": ">=5.6"
            },
            "require-dev": {
                "fig-r/psr2r-sniffer": "dev-master"
            },
            "type": "library",
            "autoload": {
                "psr-4": {
                    "MediaEmbed\\": "src/"
                }
            },
            "notification-url": "https://packagist.org/downloads/",
            "license": [
                "MIT"
            ],
            "authors": [
                {
                    "name": "Mark Scherer",
                    "homepage": "http://www.dereuromark.de",
                    "role": "Author"
                }
            ],
            "description": "A PHP library to deal with all those media services around, parsing their URLs and embedding their audio/video content in websites.",
            "keywords": [
                "audio",
                "embed",
                "iframe",
                "media",
                "php",
                "video"
            ],
            "time": "2018-11-22T11:22:52+00:00"
        },
        {
            "name": "donatj/phpuseragentparser",
            "version": "v0.10.0",
            "source": {
                "type": "git",
                "url": "https://github.com/donatj/PhpUserAgent.git",
                "reference": "9de58cc2a3e986bfee7f4cea3365c830b765cf65"
            },
            "dist": {
                "type": "zip",
                "url": "https://api.github.com/repos/donatj/PhpUserAgent/zipball/9de58cc2a3e986bfee7f4cea3365c830b765cf65",
                "reference": "9de58cc2a3e986bfee7f4cea3365c830b765cf65",
                "shasum": ""
            },
            "require": {
                "php": ">=5.3.0"
            },
            "require-dev": {
                "camspiers/json-pretty": "0.1.*",
                "donatj/drop": "*",
                "phpunit/phpunit": "~4.8"
            },
            "type": "library",
            "autoload": {
                "files": [
                    "Source/UserAgentParser.php"
                ]
            },
            "notification-url": "https://packagist.org/downloads/",
            "license": [
                "MIT"
            ],
            "authors": [
                {
                    "name": "Jesse G. Donat",
                    "email": "donatj@gmail.com",
                    "homepage": "http://donatstudios.com",
                    "role": "Developer"
                }
            ],
            "description": "Simple, streamlined PHP user-agent parser",
            "homepage": "http://donatstudios.com/PHP-Parser-HTTP_USER_AGENT",
            "keywords": [
                "browser",
                "browser detection",
                "parser",
                "user agent",
                "useragent"
            ],
            "time": "2018-06-21T15:54:46+00:00"
        },
        {
            "name": "gumlet/php-image-resize",
            "version": "1.9.1",
            "source": {
                "type": "git",
                "url": "https://github.com/gumlet/php-image-resize.git",
                "reference": "d36a7bcd679445ec8f310fdbecac5d40b0c587de"
            },
            "dist": {
                "type": "zip",
                "url": "https://api.github.com/repos/gumlet/php-image-resize/zipball/d36a7bcd679445ec8f310fdbecac5d40b0c587de",
                "reference": "d36a7bcd679445ec8f310fdbecac5d40b0c587de",
                "shasum": ""
            },
            "require": {
                "ext-fileinfo": "*",
                "ext-gd": "*",
                "php": ">=5.5.0"
            },
            "require-dev": {
                "apigen/apigen": "^4.1",
                "ext-exif": "*",
                "ext-gd": "*",
                "php-coveralls/php-coveralls": "^2.1",
                "phpunit/phpunit": "^4.8"
            },
            "suggest": {
                "ext-exif": "Auto-rotate jpeg files"
            },
            "type": "library",
            "autoload": {
                "psr-4": {
                    "Gumlet\\": "lib/"
                }
            },
            "notification-url": "https://packagist.org/downloads/",
            "license": [
                "MIT"
            ],
            "authors": [
                {
                    "name": "Aditya Patadia",
                    "homepage": "http://aditya.patadia.org/"
                }
            ],
            "description": "PHP class to re-size and scale images",
            "homepage": "https://github.com/gumlet/php-image-resize",
            "keywords": [
                "image",
                "php",
                "resize",
                "scale"
            ],
            "time": "2018-07-28T11:04:15+00:00"
        },
        {
            "name": "jasongrimes/paginator",
            "version": "1.0.3",
            "source": {
                "type": "git",
                "url": "https://github.com/jasongrimes/php-paginator.git",
                "reference": "3411e3cd0c6479a0b514f26e4358f0273552f221"
            },
            "dist": {
                "type": "zip",
                "url": "https://api.github.com/repos/jasongrimes/php-paginator/zipball/3411e3cd0c6479a0b514f26e4358f0273552f221",
                "reference": "3411e3cd0c6479a0b514f26e4358f0273552f221",
                "shasum": ""
            },
            "require": {
                "php": ">=5.3.0"
            },
            "require-dev": {
                "phpunit/phpunit": "~4.2"
            },
            "type": "library",
            "autoload": {
                "psr-0": {
                    "JasonGrimes": "src/"
                }
            },
            "notification-url": "https://packagist.org/downloads/",
            "license": [
                "MIT"
            ],
            "authors": [
                {
                    "name": "Jason Grimes",
                    "email": "jason@grimesit.com"
                }
            ],
            "description": "A lightweight PHP paginator, for generating pagination controls in the style of Stack Overflow and Flickr. The 'first' and 'last' page links are shown inline as page numbers, and excess page numbers are replaced by ellipses.",
            "homepage": "http://github.com/jasongrimes/php-paginator",
            "keywords": [
                "pager",
                "pagination",
                "paginator"
            ],
            "time": "2018-07-11T18:11:49+00:00"
        },
        {
            "name": "jbroadway/urlify",
            "version": "1.1.2-stable",
            "source": {
                "type": "git",
                "url": "https://github.com/jbroadway/urlify.git",
                "reference": "78118277ba31189fef18323bb78e9c1b89254dcc"
            },
            "dist": {
                "type": "zip",
                "url": "https://api.github.com/repos/jbroadway/urlify/zipball/78118277ba31189fef18323bb78e9c1b89254dcc",
                "reference": "78118277ba31189fef18323bb78e9c1b89254dcc",
                "shasum": ""
            },
            "require": {
                "php": ">=5.3.0"
            },
            "require-dev": {
                "phpunit/phpunit": "^4.8.36 || ^5.7 || ^6.5"
            },
            "type": "library",
            "extra": {
                "branch-alias": {
                    "dev-master": "1.0-dev"
                }
            },
            "autoload": {
                "psr-0": {
                    "URLify": ""
                }
            },
            "notification-url": "https://packagist.org/downloads/",
            "license": [
                "BSD-3-Clause-Clear"
            ],
            "authors": [
                {
                    "name": "Johnny Broadway",
                    "email": "johnny@johnnybroadway.com",
                    "homepage": "http://www.johnnybroadway.com/"
                }
            ],
            "description": "PHP port of URLify.js from the Django project. Transliterates non-ascii characters for use in URLs.",
            "homepage": "https://github.com/jbroadway/urlify",
            "keywords": [
                "encode",
                "iconv",
                "link",
                "slug",
                "translit",
                "transliterate",
                "transliteration",
                "url",
                "urlify"
            ],
            "time": "2018-12-08T15:51:20+00:00"
        },
        {
            "name": "phpmailer/phpmailer",
            "version": "v5.2.27",
            "source": {
                "type": "git",
                "url": "https://github.com/PHPMailer/PHPMailer.git",
                "reference": "dde1db116511aa4956389d75546c5be4c2beb2a6"
            },
            "dist": {
                "type": "zip",
                "url": "https://api.github.com/repos/PHPMailer/PHPMailer/zipball/dde1db116511aa4956389d75546c5be4c2beb2a6",
                "reference": "dde1db116511aa4956389d75546c5be4c2beb2a6",
                "shasum": ""
            },
            "require": {
                "ext-ctype": "*",
                "php": ">=5.0.0"
            },
            "require-dev": {
                "doctrine/annotations": "1.2.*",
                "jms/serializer": "0.16.*",
                "phpdocumentor/phpdocumentor": "2.*",
                "phpunit/phpunit": "4.8.*",
                "symfony/debug": "2.8.*",
                "symfony/filesystem": "2.8.*",
                "symfony/translation": "2.8.*",
                "symfony/yaml": "2.8.*",
                "zendframework/zend-cache": "2.5.1",
                "zendframework/zend-config": "2.5.1",
                "zendframework/zend-eventmanager": "2.5.1",
                "zendframework/zend-filter": "2.5.1",
                "zendframework/zend-i18n": "2.5.1",
                "zendframework/zend-json": "2.5.1",
                "zendframework/zend-math": "2.5.1",
                "zendframework/zend-serializer": "2.5.*",
                "zendframework/zend-servicemanager": "2.5.*",
                "zendframework/zend-stdlib": "2.5.1"
            },
            "suggest": {
                "league/oauth2-google": "Needed for Google XOAUTH2 authentication"
            },
            "type": "library",
            "autoload": {
                "classmap": [
                    "class.phpmailer.php",
                    "class.phpmaileroauth.php",
                    "class.phpmaileroauthgoogle.php",
                    "class.smtp.php",
                    "class.pop3.php",
                    "extras/EasyPeasyICS.php",
                    "extras/ntlm_sasl_client.php"
                ]
            },
            "notification-url": "https://packagist.org/downloads/",
            "license": [
                "LGPL-2.1"
            ],
            "authors": [
                {
                    "name": "Jim Jagielski",
                    "email": "jimjag@gmail.com"
                },
                {
                    "name": "Marcus Bointon",
                    "email": "phpmailer@synchromedia.co.uk"
                },
                {
                    "name": "Andy Prevost",
                    "email": "codeworxtech@users.sourceforge.net"
                },
                {
                    "name": "Brent R. Matzelle"
                }
            ],
            "description": "PHPMailer is a full-featured email creation and transfer class for PHP",
            "time": "2018-11-15T22:32:31+00:00"
        },
        {
            "name": "psr/cache",
            "version": "1.0.1",
            "source": {
                "type": "git",
                "url": "https://github.com/php-fig/cache.git",
                "reference": "d11b50ad223250cf17b86e38383413f5a6764bf8"
            },
            "dist": {
                "type": "zip",
                "url": "https://api.github.com/repos/php-fig/cache/zipball/d11b50ad223250cf17b86e38383413f5a6764bf8",
                "reference": "d11b50ad223250cf17b86e38383413f5a6764bf8",
                "shasum": ""
            },
            "require": {
                "php": ">=5.3.0"
            },
            "type": "library",
            "extra": {
                "branch-alias": {
                    "dev-master": "1.0.x-dev"
                }
            },
            "autoload": {
                "psr-4": {
                    "Psr\\Cache\\": "src/"
                }
            },
            "notification-url": "https://packagist.org/downloads/",
            "license": [
                "MIT"
            ],
            "authors": [
                {
                    "name": "PHP-FIG",
                    "homepage": "http://www.php-fig.org/"
                }
            ],
            "description": "Common interface for caching libraries",
            "keywords": [
                "cache",
                "psr",
                "psr-6"
            ],
            "time": "2016-08-06T20:24:11+00:00"
        },
        {
            "name": "riimu/kit-csrf",
            "version": "v2.4.0",
            "source": {
                "type": "git",
                "url": "https://github.com/Riimu/Kit-CSRF.git",
                "reference": "afd75baf14acd462a93206a15066728572608d58"
            },
            "dist": {
                "type": "zip",
                "url": "https://api.github.com/repos/Riimu/Kit-CSRF/zipball/afd75baf14acd462a93206a15066728572608d58",
                "reference": "afd75baf14acd462a93206a15066728572608d58",
                "shasum": ""
            },
            "require": {
                "php": ">=5.4.0",
                "riimu/kit-securerandom": "1.*"
            },
            "type": "library",
            "autoload": {
                "psr-4": {
                    "Riimu\\Kit\\CSRF\\": [
                        "src/",
                        "tests/tests/"
                    ]
                }
            },
            "notification-url": "https://packagist.org/downloads/",
            "license": [
                "MIT"
            ],
            "authors": [
                {
                    "name": "Riikka Kalliomäki",
                    "email": "riikka.kalliomaki@gmail.com",
                    "homepage": "http://riimu.net"
                }
            ],
            "description": "Secure and simple CSRF library protected against timing and BREACH attacks",
            "homepage": "http://kit.riimu.net",
            "keywords": [
                "csrf",
                "security"
            ],
            "time": "2015-08-22T06:11:41+00:00"
        },
        {
            "name": "riimu/kit-securerandom",
            "version": "v1.3.1",
            "source": {
                "type": "git",
                "url": "https://github.com/Riimu/Kit-SecureRandom.git",
                "reference": "707917beea9538b7a9b1853e5c5d8bb53b781995"
            },
            "dist": {
                "type": "zip",
                "url": "https://api.github.com/repos/Riimu/Kit-SecureRandom/zipball/707917beea9538b7a9b1853e5c5d8bb53b781995",
                "reference": "707917beea9538b7a9b1853e5c5d8bb53b781995",
                "shasum": ""
            },
            "require": {
                "php": ">=5.6.0"
            },
            "require-dev": {
                "phpunit/phpunit": "^6.3 || ^5.7"
            },
            "suggest": {
                "ext-mcrypt": "To use the Mcrypt secure random byte generator",
                "ext-openssl": "To use the OpenSSL secure random byte generator"
            },
            "type": "library",
            "autoload": {
                "psr-4": {
                    "Riimu\\Kit\\SecureRandom\\": "src/"
                }
            },
            "notification-url": "https://packagist.org/downloads/",
            "license": [
                "MIT"
            ],
            "authors": [
                {
                    "name": "Riikka Kalliomäki",
                    "email": "riikka.kalliomaki@gmail.com",
                    "homepage": "http://riimu.net"
                }
            ],
            "description": "Library for leveraging available secure random generators",
            "homepage": "http://kit.riimu.net",
            "keywords": [
                "generator",
                "random",
                "secure"
            ],
            "time": "2017-09-09T15:23:06+00:00"
        },
        {
			"name": "symfony/polyfill-ctype",
			"version": "v1.11.0",
			"source": {
				"type": "git",
				"url": "https://github.com/symfony/polyfill-ctype.git",
				"reference": "82ebae02209c21113908c229e9883c419720738a"
			},
			"dist": {
				"type": "zip",
				"url": "https://api.github.com/repos/symfony/polyfill-ctype/zipball/82ebae02209c21113908c229e9883c419720738a",
				"reference": "82ebae02209c21113908c229e9883c419720738a",
				"shasum": ""
			},
			"require": {
				"php": ">=5.3.3"
			},
			"suggest": {
				"ext-ctype": "For best performance"
			},
			"type": "library",
			"extra": {
				"branch-alias": {
					"dev-master": "1.11-dev"
				}
			},
			"autoload": {
				"psr-4": {
					"Symfony\\Polyfill\\Ctype\\": ""
				},
				"files": [
					"bootstrap.php"
				]
			},
			"notification-url": "https://packagist.org/downloads/",
			"license": [
				"MIT"
			],
			"authors": [
				{
					"name": "Symfony Community",
					"homepage": "https://symfony.com/contributors"
				},
				{
					"name": "Gert de Pagter",
					"email": "BackEndTea@gmail.com"
				}
			],
			"description": "Symfony polyfill for ctype functions",
			"homepage": "https://symfony.com",
			"keywords": [
				"compatibility",
				"ctype",
				"polyfill",
				"portable"
			],
			"time": "2019-02-06T07:57:58+00:00"
		},
		{
			"name": "symfony/polyfill-mbstring",
			"version": "v1.11.0",
			"source": {
				"type": "git",
				"url": "https://github.com/symfony/polyfill-mbstring.git",
				"reference": "fe5e94c604826c35a32fa832f35bd036b6799609"
			},
			"dist": {
				"type": "zip",
				"url": "https://api.github.com/repos/symfony/polyfill-mbstring/zipball/fe5e94c604826c35a32fa832f35bd036b6799609",
				"reference": "fe5e94c604826c35a32fa832f35bd036b6799609",
				"shasum": ""
			},
			"require": {
				"php": ">=5.3.3"
			},
			"suggest": {
				"ext-mbstring": "For best performance"
			},
			"type": "library",
			"extra": {
				"branch-alias": {
					"dev-master": "1.11-dev"
				}
			},
			"autoload": {
				"psr-4": {
					"Symfony\\Polyfill\\Mbstring\\": ""
				},
				"files": [
					"bootstrap.php"
				]
			},
			"notification-url": "https://packagist.org/downloads/",
			"license": [
				"MIT"
			],
			"authors": [
				{
					"name": "Nicolas Grekas",
					"email": "p@tchwork.com"
				},
				{
					"name": "Symfony Community",
					"homepage": "https://symfony.com/contributors"
				}
			],
			"description": "Symfony polyfill for the Mbstring extension",
			"homepage": "https://symfony.com",
			"keywords": [
				"compatibility",
				"mbstring",
				"polyfill",
				"portable",
				"shim"
			],
			"time": "2019-02-06T07:57:58+00:00"
		},
		{
            "name": "tedivm/stash",
            "version": "v0.14.2",
            "source": {
                "type": "git",
                "url": "https://github.com/tedious/Stash.git",
                "reference": "7ea9749784152dcd2dab72c4bbf2bef18c326e41"
            },
            "dist": {
                "type": "zip",
                "url": "https://api.github.com/repos/tedious/Stash/zipball/7ea9749784152dcd2dab72c4bbf2bef18c326e41",
                "reference": "7ea9749784152dcd2dab72c4bbf2bef18c326e41",
                "shasum": ""
            },
            "require": {
                "php": "^5.4|^7.0",
                "psr/cache": "~1.0"
            },
            "provide": {
                "psr/cache-implementation": "1.0.0"
            },
            "require-dev": {
                "friendsofphp/php-cs-fixer": "^1.9",
                "phpunit/phpunit": "4.8.*",
                "satooshi/php-coveralls": "1.0.*"
            },
            "type": "library",
            "autoload": {
                "psr-4": {
                    "Stash\\": "src/Stash/"
                }
            },
            "notification-url": "https://packagist.org/downloads/",
            "license": [
                "BSD-3-Clause"
            ],
            "authors": [
                {
                    "name": "Robert Hafner",
                    "email": "tedivm@tedivm.com"
                },
                {
                    "name": "Josh Hall-Bachner",
                    "email": "charlequin@gmail.com"
                }
            ],
            "description": "The place to keep your cache.",
            "homepage": "http://github.com/tedious/Stash",
            "keywords": [
                "apc",
                "cache",
                "caching",
                "memcached",
                "psr-6",
                "psr6",
                "redis",
                "sessions"
            ],
            "time": "2017-04-23T17:16:57+00:00"
		},
		{
			"name": "twig/extensions",
			"version": "v1.5.4",
			"source": {
				"type": "git",
				"url": "https://github.com/twigphp/Twig-extensions.git",
				"reference": "57873c8b0c1be51caa47df2cdb824490beb16202"
			},
			"dist": {
				"type": "zip",
				"url": "https://api.github.com/repos/twigphp/Twig-extensions/zipball/57873c8b0c1be51caa47df2cdb824490beb16202",
				"reference": "57873c8b0c1be51caa47df2cdb824490beb16202",
				"shasum": ""
			},
			"require": {
				"twig/twig": "^1.27|^2.0"
			},
			"require-dev": {
				"symfony/phpunit-bridge": "^3.4",
				"symfony/translation": "^2.7|^3.4"
			},
			"suggest": {
				"symfony/translation": "Allow the time_diff output to be translated"
			},
			"type": "library",
			"extra": {
				"branch-alias": {
					"dev-master": "1.5-dev"
				}
			},
			"autoload": {
				"psr-0": {
					"Twig_Extensions_": "lib/"
				},
				"psr-4": {
					"Twig\\Extensions\\": "src/"
				}
			},
			"notification-url": "https://packagist.org/downloads/",
			"license": [
				"MIT"
			],
			"authors": [
				{
					"name": "Fabien Potencier",
					"email": "fabien@symfony.com"
				}
			],
			"description": "Common additional features for Twig that do not directly belong in core",
			"keywords": [
				"i18n",
				"text"
			],
			"time": "2018-12-05T18:34:18+00:00"
		},
		{
			"name": "twig/twig",
			"version": "v2.11.3",
			"source": {
				"type": "git",
				"url": "https://github.com/twigphp/Twig.git",
				"reference": "699ed2342557c88789a15402de5eb834dedd6792"
			},
			"dist": {
				"type": "zip",
				"url": "https://api.github.com/repos/twigphp/Twig/zipball/699ed2342557c88789a15402de5eb834dedd6792",
				"reference": "699ed2342557c88789a15402de5eb834dedd6792",
				"shasum": ""
			},
			"require": {
				"php": "^7.0",
				"symfony/polyfill-ctype": "^1.8",
				"symfony/polyfill-mbstring": "^1.3"
			},
			"require-dev": {
				"psr/container": "^1.0",
				"symfony/debug": "^2.7",
				"symfony/phpunit-bridge": "^3.4.19|^4.1.8|^5.0"
			},
			"type": "library",
			"extra": {
				"branch-alias": {
					"dev-master": "2.11-dev"
				}
			},
			"autoload": {
				"psr-0": {
					"Twig_": "lib/"
				},
				"psr-4": {
					"Twig\\": "src/"
				}
			},
			"notification-url": "https://packagist.org/downloads/",
			"license": [
				"BSD-3-Clause"
			],
			"authors": [
				{
					"name": "Fabien Potencier",
					"email": "fabien@symfony.com",
					"homepage": "http://fabien.potencier.org",
					"role": "Lead Developer"
				},
				{
					"name": "Armin Ronacher",
					"email": "armin.ronacher@active-4.com",
					"role": "Project Founder"
				},
				{
					"name": "Twig Team",
					"homepage": "https://twig.symfony.com/contributors",
					"role": "Contributors"
				}
			],
			"description": "Twig, the flexible, fast, and secure template language for PHP",
			"homepage": "https://twig.symfony.com",
			"keywords": [
				"templating"
			],
			"time": "2019-06-18T15:37:11+00:00"
        }
    ],
    "packages-dev": [],
    "aliases": [],
    "minimum-stability": "stable",
    "stability-flags": [],
    "prefer-stable": false,
    "prefer-lowest": false,
	"platform": {
		"php": ">= 7.2.0"
	},
    "platform-dev": []
}
